<?xml version="1.0" encoding="utf-8"?>
<Project ToolsVersion="4.0" xmlns="http://schemas.microsoft.com/developer/msbuild/2003">
  <ItemGroup>
    <Filter Include="inc">
      <UniqueIdentifier>{e6cb07b6-fa18-4617-9964-ad768c0d6ac2}</UniqueIdentifier>
    </Filter>
    <Filter Include="src">
      <UniqueIdentifier>{9afea295-7208-44a1-911c-9179d69bcc45}</UniqueIdentifier>
    </Filter>
  </ItemGroup>
  <ItemGroup>
    <ClCompile Include="main.cpp" />
    <ClCompile Include="..\src\Maraton.cpp">
      <Filter>src</Filter>
    </ClCompile>
    <ClCompile Include="..\src\Operator.cpp">
      <Filter>src</Filter>
    </ClCompile>
    <ClCompile Include="..\src\Listener.cpp">
      <Filter>src</Filter>
    </ClCompile>
    <ClCompile Include="..\src\Connector.cpp">
      <Filter>src</Filter>
    </ClCompile>
    <ClCompile Include="..\src\Buffer.cpp">
      <Filter>src</Filter>
    </ClCompile>
    <ClCompile Include="..\src\Session.cpp">
      <Filter>src</Filter>
    </ClCompile>
    <ClCompile Include="..\src\AsyncWorker.cpp">
      <Filter>src</Filter>
    </ClCompile>
    <ClCompile Include="..\src\CircleBuffer.cpp">
      <Filter>src</Filter>
    </ClCompile>
    <ClCompile Include="..\src\SyncWorker.cpp">
      <Filter>src</Filter>
    </ClCompile>
    <ClCompile Include="..\src\Timer.cpp">
      <Filter>src</Filter>
    </ClCompile>
    <ClCompile Include="..\src\HTTP.cpp">
      <Filter>src</Filter>
    </ClCompile>
    <ClCompile Include="..\src\WebClient.cpp">
      <Filter>src</Filter>
    </ClCompile>
    <ClCompile Include="..\src\SysProcess.cpp">
      <Filter>src</Filter>
    </ClCompile>
    <ClCompile Include="..\src\Locks.cpp">
      <Filter>src</Filter>
    </ClCompile>
    <ClCompile Include="..\src\AsyncToken.cpp">
      <Filter>src</Filter>
    </ClCompile>
  </ItemGroup>
  <ItemGroup>
    <ClInclude Include="..\inc\Connector.h">
      <Filter>inc</Filter>
    </ClInclude>
    <ClInclude Include="..\inc\Listener.h">
      <Filter>inc</Filter>
    </ClInclude>
    <ClInclude Include="..\inc\Macro.h">
      <Filter>inc</Filter>
    </ClInclude>
    <ClInclude Include="..\inc\Operator.h">
      <Filter>inc</Filter>
    </ClInclude>
    <ClInclude Include="..\inc\Maraton.h">
      <Filter>inc</Filter>
    </ClInclude>
    <ClInclude Include="..\inc\MRT.h">
      <Filter>inc</Filter>
    </ClInclude>
    <ClInclude Include="..\inc\Logger.h">
      <Filter>inc</Filter>
    </ClInclude>
    <ClInclude Include="..\inc\Session.h">
      <Filter>inc</Filter>
    </ClInclude>
    <ClInclude Include="..\inc\Buffer.h">
      <Filter>inc</Filter>
    </ClInclude>
    <ClInclude Include="..\inc\AsyncWorker.h">
      <Filter>inc</Filter>
    </ClInclude>
    <ClInclude Include="..\inc\CircleBuffer.h">
      <Filter>inc</Filter>
    </ClInclude>
    <ClInclude Include="..\inc\SyncWorker.h">
      <Filter>inc</Filter>
    </ClInclude>
    <ClInclude Include="..\inc\Timer.h">
      <Filter>inc</Filter>
    </ClInclude>
    <ClInclude Include="..\inc\HTTP.h">
      <Filter>inc</Filter>
    </ClInclude>
    <ClInclude Include="..\inc\WebClient.h">
      <Filter>inc</Filter>
    </ClInclude>
    <ClInclude Include="..\inc\UUID.h">
      <Filter>inc</Filter>
    </ClInclude>
    <ClInclude Include="..\inc\Singleton.h">
      <Filter>inc</Filter>
    </ClInclude>
    <ClInclude Include="..\inc\SysProcess.h">
      <Filter>inc</Filter>
    </ClInclude>
    <ClInclude Include="..\inc\Manager.h">
      <Filter>inc</Filter>
    </ClInclude>
    <ClInclude Include="..\inc\Locks.h">
      <Filter>inc</Filter>
    </ClInclude>
    <ClInclude Include="..\inc\AsyncToken.h">
      <Filter>inc</Filter>
    </ClInclude>
    <ClInclude Include="..\inc\SystemInfo.h">
      <Filter>inc</Filter>
    </ClInclude>
  </ItemGroup>
</Project>